
Microsoft Visual Studio Solution File, Format Version 12.00
# Visual Studio 2013
VisualStudioVersion = 12.0.40629.0
MinimumVisualStudioVersion = 10.0.40219.1
Project("{FAE04EC0-301F-11D3-BF4B-00C04F79EFBC}") = "ContractV1", "V1\ContractV1\ContractV1.csproj", "{4610FF77-53AA-4C7A-BCCE-2F04D20F1439}"
EndProject
Project("{FAE04EC0-301F-11D3-BF4B-00C04F79EFBC}") = "AddinView", "V1\AddinView\AddinView.csproj", "{E798C8F0-0610-4AEC-AEE1-26432B6333B5}"
EndProject
Project("{FAE04EC0-301F-11D3-BF4B-00C04F79EFBC}") = "HostView", "V1\HostView\HostView.csproj", "{5F22254C-FDC6-460F-B71A-8FDAD8A4C812}"
EndProject
Project("{FAE04EC0-301F-11D3-BF4B-00C04F79EFBC}") = "AddinAdapter", "V1\AddinAdapter\AddinAdapter.csproj", "{FE08E0B0-91D7-41B0-B6B1-95E7446A914F}"
EndProject
Project("{FAE04EC0-301F-11D3-BF4B-00C04F79EFBC}") = "HostAdapter", "V1\HostAdapter\HostAdapter.csproj", "{25386072-BC7E-4735-BB35-495D1C43C05C}"
EndProject
Project("{FAE04EC0-301F-11D3-BF4B-00C04F79EFBC}") = "AddinV1", "V1\AddinV1\AddinV1.csproj", "{D685CC6D-9700-4C60-B78A-B580BE072D95}"
EndProject
Project("{FAE04EC0-301F-11D3-BF4B-00C04F79EFBC}") = "ConsoleHost", "ConsoleHost\ConsoleHost.csproj", "{336715F8-ED69-4101-841D-CD9512F89A1A}"
EndProject
Project("{2150E333-8FDC-42A3-9474-1A3956D46DE8}") = "V1", "V1", "{4274DA7E-5FE6-4671-8FD1-9D70A95DAA73}"
EndProject
Project("{2150E333-8FDC-42A3-9474-1A3956D46DE8}") = "V2", "V2", "{AB7ED0B6-9C5F-4930-88B2-50169305DD85}"
EndProject
Project("{FAE04EC0-301F-11D3-BF4B-00C04F79EFBC}") = "ContractV2", "V2\ContractV2\ContractV2.csproj", "{896FC81D-471C-4A78-AA5E-9D92126495F2}"
EndProject
Project("{FAE04EC0-301F-11D3-BF4B-00C04F79EFBC}") = "AddinViewV2", "V2\AddinViewV2\AddinViewV2.csproj", "{AFF5F57D-5612-4138-B6AB-27810F5550A4}"
EndProject
Project("{FAE04EC0-301F-11D3-BF4B-00C04F79EFBC}") = "HostViewV2", "V2\HostViewV2\HostViewV2.csproj", "{2835AF78-92FA-49DB-890A-C1F693882ABD}"
EndProject
Project("{FAE04EC0-301F-11D3-BF4B-00C04F79EFBC}") = "AddinAdapterV2", "V2\AddinAdapterV2\AddinAdapterV2.csproj", "{96D9A92D-7A7A-41EE-887A-F1BC6FB9F7BA}"
EndProject
Project("{FAE04EC0-301F-11D3-BF4B-00C04F79EFBC}") = "HostAdapterV2", "V2\HostAdapterV2\HostAdapterV2.csproj", "{8AEDA924-89BD-44E3-854D-073F96BE67FD}"
EndProject
Project("{FAE04EC0-301F-11D3-BF4B-00C04F79EFBC}") = "AddinV2", "V2\AddinV2\AddinV2.csproj", "{540172C1-081C-471A-AF3F-298825339A0D}"
EndProject
Global
	GlobalSection(SolutionConfigurationPlatforms) = preSolution
		Debug|Any CPU = Debug|Any CPU
		Release|Any CPU = Release|Any CPU
	EndGlobalSection
	GlobalSection(ProjectConfigurationPlatforms) = postSolution
		{4610FF77-53AA-4C7A-BCCE-2F04D20F1439}.Debug|Any CPU.ActiveCfg = Debug|Any CPU
		{4610FF77-53AA-4C7A-BCCE-2F04D20F1439}.Debug|Any CPU.Build.0 = Debug|Any CPU
		{4610FF77-53AA-4C7A-BCCE-2F04D20F1439}.Release|Any CPU.ActiveCfg = Release|Any CPU
		{4610FF77-53AA-4C7A-BCCE-2F04D20F1439}.Release|Any CPU.Build.0 = Release|Any CPU
		{E798C8F0-0610-4AEC-AEE1-26432B6333B5}.Debug|Any CPU.ActiveCfg = Debug|Any CPU
		{E798C8F0-0610-4AEC-AEE1-26432B6333B5}.Debug|Any CPU.Build.0 = Debug|Any CPU
		{E798C8F0-0610-4AEC-AEE1-26432B6333B5}.Release|Any CPU.ActiveCfg = Release|Any CPU
		{E798C8F0-0610-4AEC-AEE1-26432B6333B5}.Release|Any CPU.Build.0 = Release|Any CPU
		{5F22254C-FDC6-460F-B71A-8FDAD8A4C812}.Debug|Any CPU.ActiveCfg = Debug|Any CPU
		{5F22254C-FDC6-460F-B71A-8FDAD8A4C812}.Debug|Any CPU.Build.0 = Debug|Any CPU
		{5F22254C-FDC6-460F-B71A-8FDAD8A4C812}.Release|Any CPU.ActiveCfg = Release|Any CPU
		{5F22254C-FDC6-460F-B71A-8FDAD8A4C812}.Release|Any CPU.Build.0 = Release|Any CPU
		{FE08E0B0-91D7-41B0-B6B1-95E7446A914F}.Debug|Any CPU.ActiveCfg = Debug|Any CPU
		{FE08E0B0-91D7-41B0-B6B1-95E7446A914F}.Debug|Any CPU.Build.0 = Debug|Any CPU
		{FE08E0B0-91D7-41B0-B6B1-95E7446A914F}.Release|Any CPU.ActiveCfg = Release|Any CPU
		{FE08E0B0-91D7-41B0-B6B1-95E7446A914F}.Release|Any CPU.Build.0 = Release|Any CPU
		{25386072-BC7E-4735-BB35-495D1C43C05C}.Debug|Any CPU.ActiveCfg = Debug|Any CPU
		{25386072-BC7E-4735-BB35-495D1C43C05C}.Debug|Any CPU.Build.0 = Debug|Any CPU
		{25386072-BC7E-4735-BB35-495D1C43C05C}.Release|Any CPU.ActiveCfg = Release|Any CPU
		{25386072-BC7E-4735-BB35-495D1C43C05C}.Release|Any CPU.Build.0 = Release|Any CPU
		{D685CC6D-9700-4C60-B78A-B580BE072D95}.Debug|Any CPU.ActiveCfg = Debug|Any CPU
		{D685CC6D-9700-4C60-B78A-B580BE072D95}.Debug|Any CPU.Build.0 = Debug|Any CPU
		{D685CC6D-9700-4C60-B78A-B580BE072D95}.Release|Any CPU.ActiveCfg = Release|Any CPU
		{D685CC6D-9700-4C60-B78A-B580BE072D95}.Release|Any CPU.Build.0 = Release|Any CPU
		{336715F8-ED69-4101-841D-CD9512F89A1A}.Debug|Any CPU.ActiveCfg = Debug|Any CPU
		{336715F8-ED69-4101-841D-CD9512F89A1A}.Debug|Any CPU.Build.0 = Debug|Any CPU
		{336715F8-ED69-4101-841D-CD9512F89A1A}.Release|Any CPU.ActiveCfg = Release|Any CPU
		{336715F8-ED69-4101-841D-CD9512F89A1A}.Release|Any CPU.Build.0 = Release|Any CPU
		{896FC81D-471C-4A78-AA5E-9D92126495F2}.Debug|Any CPU.ActiveCfg = Debug|Any CPU
		{896FC81D-471C-4A78-AA5E-9D92126495F2}.Debug|Any CPU.Build.0 = Debug|Any CPU
		{896FC81D-471C-4A78-AA5E-9D92126495F2}.Release|Any CPU.ActiveCfg = Release|Any CPU
		{896FC81D-471C-4A78-AA5E-9D92126495F2}.Release|Any CPU.Build.0 = Release|Any CPU
		{AFF5F57D-5612-4138-B6AB-27810F5550A4}.Debug|Any CPU.ActiveCfg = Debug|Any CPU
		{AFF5F57D-5612-4138-B6AB-27810F5550A4}.Debug|Any CPU.Build.0 = Debug|Any CPU
		{AFF5F57D-5612-4138-B6AB-27810F5550A4}.Release|Any CPU.ActiveCfg = Release|Any CPU
		{AFF5F57D-5612-4138-B6AB-27810F5550A4}.Release|Any CPU.Build.0 = Release|Any CPU
		{2835AF78-92FA-49DB-890A-C1F693882ABD}.Debug|Any CPU.ActiveCfg = Debug|Any CPU
		{2835AF78-92FA-49DB-890A-C1F693882ABD}.Debug|Any CPU.Build.0 = Debug|Any CPU
		{2835AF78-92FA-49DB-890A-C1F693882ABD}.Release|Any CPU.ActiveCfg = Release|Any CPU
		{2835AF78-92FA-49DB-890A-C1F693882ABD}.Release|Any CPU.Build.0 = Release|Any CPU
		{96D9A92D-7A7A-41EE-887A-F1BC6FB9F7BA}.Debug|Any CPU.ActiveCfg = Debug|Any CPU
		{96D9A92D-7A7A-41EE-887A-F1BC6FB9F7BA}.Debug|Any CPU.Build.0 = Debug|Any CPU
		{96D9A92D-7A7A-41EE-887A-F1BC6FB9F7BA}.Release|Any CPU.ActiveCfg = Release|Any CPU
		{96D9A92D-7A7A-41EE-887A-F1BC6FB9F7BA}.Release|Any CPU.Build.0 = Release|Any CPU
		{8AEDA924-89BD-44E3-854D-073F96BE67FD}.Debug|Any CPU.ActiveCfg = Debug|Any CPU
		{8AEDA924-89BD-44E3-854D-073F96BE67FD}.Debug|Any CPU.Build.0 = Debug|Any CPU
		{8AEDA924-89BD-44E3-854D-073F96BE67FD}.Release|Any CPU.ActiveCfg = Release|Any CPU
		{8AEDA924-89BD-44E3-854D-073F96BE67FD}.Release|Any CPU.Build.0 = Release|Any CPU
		{540172C1-081C-471A-AF3F-298825339A0D}.Debug|Any CPU.ActiveCfg = Debug|Any CPU
		{540172C1-081C-471A-AF3F-298825339A0D}.Debug|Any CPU.Build.0 = Debug|Any CPU
		{540172C1-081C-471A-AF3F-298825339A0D}.Release|Any CPU.ActiveCfg = Release|Any CPU
		{540172C1-081C-471A-AF3F-298825339A0D}.Release|Any CPU.Build.0 = Release|Any CPU
	EndGlobalSection
	GlobalSection(SolutionProperties) = preSolution
		HideSolutionNode = FALSE
	EndGlobalSection
	GlobalSection(NestedProjects) = preSolution
		{4610FF77-53AA-4C7A-BCCE-2F04D20F1439} = {4274DA7E-5FE6-4671-8FD1-9D70A95DAA73}
		{E798C8F0-0610-4AEC-AEE1-26432B6333B5} = {4274DA7E-5FE6-4671-8FD1-9D70A95DAA73}
		{5F22254C-FDC6-460F-B71A-8FDAD8A4C812} = {4274DA7E-5FE6-4671-8FD1-9D70A95DAA73}
		{FE08E0B0-91D7-41B0-B6B1-95E7446A914F} = {4274DA7E-5FE6-4671-8FD1-9D70A95DAA73}
		{25386072-BC7E-4735-BB35-495D1C43C05C} = {4274DA7E-5FE6-4671-8FD1-9D70A95DAA73}
		{D685CC6D-9700-4C60-B78A-B580BE072D95} = {4274DA7E-5FE6-4671-8FD1-9D70A95DAA73}
		{896FC81D-471C-4A78-AA5E-9D92126495F2} = {AB7ED0B6-9C5F-4930-88B2-50169305DD85}
		{AFF5F57D-5612-4138-B6AB-27810F5550A4} = {AB7ED0B6-9C5F-4930-88B2-50169305DD85}
		{2835AF78-92FA-49DB-890A-C1F693882ABD} = {AB7ED0B6-9C5F-4930-88B2-50169305DD85}
		{96D9A92D-7A7A-41EE-887A-F1BC6FB9F7BA} = {AB7ED0B6-9C5F-4930-88B2-50169305DD85}
		{8AEDA924-89BD-44E3-854D-073F96BE67FD} = {AB7ED0B6-9C5F-4930-88B2-50169305DD85}
		{540172C1-081C-471A-AF3F-298825339A0D} = {AB7ED0B6-9C5F-4930-88B2-50169305DD85}
	EndGlobalSection
EndGlobal
